<?xml version="1.0" encoding="utf-8"?>
<Project ToolsVersion="4.0" xmlns="http://schemas.microsoft.com/developer/msbuild/2003">
  <ItemGroup>
    <Filter Include="Source Files">
      <UniqueIdentifier>{e99b2acd-1bf7-46d9-8cc0-3257f41ec47f}</UniqueIdentifier>
      <Extensions>cpp;c;cxx;def;r;odl;hpj;bat;for;f90</Extensions>
    </Filter>
    <Filter Include="Header Files">
      <UniqueIdentifier>{7e4f6e94-aabb-4489-9aac-c80f8e6683e8}</UniqueIdentifier>
      <Extensions>h;hpp;hxx;inl;fi;fd</Extensions>
    </Filter>
    <Filter Include="Resource Files">
      <UniqueIdentifier>{901fe4f8-310d-4d47-8b92-2fee26dcd065}</UniqueIdentifier>
      <Extensions>rc;ico;cur;bmp;dlg;rc2;rct;cnt;rtf;gif;jpg;jpeg;jpe</Extensions>
    </Filter>
  </ItemGroup>
  <ItemGroup>
    <ClCompile Include="Listvwex.cpp">
      <Filter>Source Files</Filter>
    </ClCompile>
    <ClCompile Include="MainFrm.cpp">
      <Filter>Source Files</Filter>
    </ClCompile>
    <ClCompile Include="RListDoc.cpp">
      <Filter>Source Files</Filter>
    </ClCompile>
    <ClCompile Include="RListVw.cpp">
      <Filter>Source Files</Filter>
    </ClCompile>
    <ClCompile Include="RowList.cpp">
      <Filter>Source Files</Filter>
    </ClCompile>
    <ClCompile Include="StdAfx.cpp">
      <Filter>Source Files</Filter>
    </ClCompile>
  </ItemGroup>
  <ItemGroup>
    <ClInclude Include="ListVwEx.h">
      <Filter>Header Files</Filter>
    </ClInclude>
    <ClInclude Include="MainFrm.h">
      <Filter>Header Files</Filter>
    </ClInclude>
    <ClInclude Include="RListDoc.h">
      <Filter>Header Files</Filter>
    </ClInclude>
    <ClInclude Include="RListVw.h">
      <Filter>Header Files</Filter>
    </ClInclude>
    <ClInclude Include="RowList.h">
      <Filter>Header Files</Filter>
    </ClInclude>
    <ClInclude Include="StdAfx.h">
      <Filter>Header Files</Filter>
    </ClInclude>
  </ItemGroup>
  <ItemGroup>
    <Image Include="res\largeico.bmp">
      <Filter>Resource Files</Filter>
    </Image>
    <Image Include="res\RListDoc.ico">
      <Filter>Resource Files</Filter>
    </Image>
    <Image Include="res\RowList.ico">
      <Filter>Resource Files</Filter>
    </Image>
    <Image Include="res\smallico.bmp">
      <Filter>Resource Files</Filter>
    </Image>
    <Image Include="res\stateico.bmp">
      <Filter>Resource Files</Filter>
    </Image>
    <Image Include="res\Toolbar.bmp">
      <Filter>Resource Files</Filter>
    </Image>
  </ItemGroup>
  <ItemGroup>
    <ResourceCompile Include="RowList.rc">
      <Filter>Resource Files</Filter>
    </ResourceCompile>
  </ItemGroup>
  <ItemGroup>
    <None Include="res\RowList.rc2">
      <Filter>Resource Files</Filter>
    </None>
    <None Include="ReadMe.htm" />
  </ItemGroup>
</Project>