<?xml version="1.0" encoding="utf-8"?>
<Project ToolsVersion="4.0" xmlns="http://schemas.microsoft.com/developer/msbuild/2003">
  <ItemGroup>
    <Filter Include="Source Files">
      <UniqueIdentifier>{e78764a8-bccc-43f8-a26c-9f24978adb99}</UniqueIdentifier>
      <Extensions>cpp;c;cxx;def;r;odl;hpj;bat;for;f90</Extensions>
    </Filter>
    <Filter Include="Header Files">
      <UniqueIdentifier>{9776e913-a334-42ca-ae17-920478332c07}</UniqueIdentifier>
      <Extensions>h;hpp;hxx;inl;fi;fd</Extensions>
    </Filter>
    <Filter Include="Resource Files">
      <UniqueIdentifier>{c91ff326-45e2-49d3-8f8c-d452a969bdd7}</UniqueIdentifier>
      <Extensions>rc;ico;cur;bmp;dlg;rc2;rct;cnt;rtf;gif;jpg;jpeg;jpe</Extensions>
    </Filter>
  </ItemGroup>
  <ItemGroup>
    <ClCompile Include="Combobar.cpp">
      <Filter>Source Files</Filter>
    </ClCompile>
    <ClCompile Include="Finddlg.cpp">
      <Filter>Source Files</Filter>
    </ClCompile>
    <ClCompile Include="Gotodlg.cpp">
      <Filter>Source Files</Filter>
    </ClCompile>
    <ClCompile Include="History.cpp">
      <Filter>Source Files</Filter>
    </ClCompile>
    <ClCompile Include="Mainfrm.cpp">
      <Filter>Source Files</Filter>
    </ClCompile>
    <ClCompile Include="Np.cpp">
      <Filter>Source Files</Filter>
    </ClCompile>
    <ClCompile Include="Npdoc.cpp">
      <Filter>Source Files</Filter>
    </ClCompile>
    <ClCompile Include="Npview.cpp">
      <Filter>Source Files</Filter>
    </ClCompile>
    <ClCompile Include="Stdafx.cpp">
      <Filter>Source Files</Filter>
    </ClCompile>
  </ItemGroup>
  <ItemGroup>
    <None Include="ReadMe.htm" />
  </ItemGroup>
  <ItemGroup>
    <ResourceCompile Include="Npp.rc">
      <Filter>Resource Files</Filter>
    </ResourceCompile>
  </ItemGroup>
  <ItemGroup>
    <CustomBuild Include="combobar.h">
      <Filter>Header Files</Filter>
    </CustomBuild>
    <CustomBuild Include="finddlg.h">
      <Filter>Header Files</Filter>
    </CustomBuild>
    <CustomBuild Include="gotodlg.h">
      <Filter>Header Files</Filter>
    </CustomBuild>
    <CustomBuild Include="history.h">
      <Filter>Header Files</Filter>
    </CustomBuild>
    <CustomBuild Include="mainfrm.h">
      <Filter>Header Files</Filter>
    </CustomBuild>
    <CustomBuild Include="np.h">
      <Filter>Header Files</Filter>
    </CustomBuild>
    <CustomBuild Include="npdoc.h">
      <Filter>Header Files</Filter>
    </CustomBuild>
    <CustomBuild Include="npview.h">
      <Filter>Header Files</Filter>
    </CustomBuild>
    <CustomBuild Include="resource.h">
      <Filter>Header Files</Filter>
    </CustomBuild>
    <CustomBuild Include="stdafx.h">
      <Filter>Header Files</Filter>
    </CustomBuild>
    <CustomBuild Include="res\np.ico">
      <Filter>Resource Files</Filter>
    </CustomBuild>
    <CustomBuild Include="res\np.rc2">
      <Filter>Resource Files</Filter>
    </CustomBuild>
    <CustomBuild Include="res\npdoc.ico">
      <Filter>Resource Files</Filter>
    </CustomBuild>
    <CustomBuild Include="res\toolbar.bmp">
      <Filter>Resource Files</Filter>
    </CustomBuild>
  </ItemGroup>
</Project>