<?xml version="1.0" encoding="utf-8"?>
<Project ToolsVersion="4.0" xmlns="http://schemas.microsoft.com/developer/msbuild/2003">
  <ItemGroup>
    <Filter Include="Source Files">
      <UniqueIdentifier>{3d3190f5-a4f8-4458-aa2c-6a33b921eee4}</UniqueIdentifier>
      <Extensions>cpp;c;cxx;def;r;odl;idl;hpj;bat</Extensions>
    </Filter>
    <Filter Include="Header Files">
      <UniqueIdentifier>{a13fccb5-06b5-47fb-90db-ec9903e89859}</UniqueIdentifier>
      <Extensions>h;hpp;hxx;hm;inl</Extensions>
    </Filter>
    <Filter Include="Resource Files">
      <UniqueIdentifier>{ea10b072-04b0-405e-abd4-2ada85a8415c}</UniqueIdentifier>
      <Extensions>rc;ico;cur;bmp;dlg;rc2;rct;bin;cnt;rtf;gif;jpg;jpeg;jpe</Extensions>
    </Filter>
  </ItemGroup>
  <ItemGroup>
    <ClCompile Include="DBVList.cpp">
      <Filter>Source Files</Filter>
    </ClCompile>
    <ClCompile Include="DBVListDoc.cpp">
      <Filter>Source Files</Filter>
    </ClCompile>
    <ClCompile Include="DBVListSet.cpp">
      <Filter>Source Files</Filter>
    </ClCompile>
    <ClCompile Include="DBVListView.cpp">
      <Filter>Source Files</Filter>
    </ClCompile>
    <ClCompile Include="EmpView.cpp">
      <Filter>Source Files</Filter>
    </ClCompile>
    <ClCompile Include="MainFrm.cpp">
      <Filter>Source Files</Filter>
    </ClCompile>
    <ClCompile Include="StdAfx.cpp">
      <Filter>Source Files</Filter>
    </ClCompile>
  </ItemGroup>
  <ItemGroup>
    <ClInclude Include="DBVList.h">
      <Filter>Header Files</Filter>
    </ClInclude>
    <ClInclude Include="DBVListDoc.h">
      <Filter>Header Files</Filter>
    </ClInclude>
    <ClInclude Include="DBVListSet.h">
      <Filter>Header Files</Filter>
    </ClInclude>
    <ClInclude Include="DBVListView.h">
      <Filter>Header Files</Filter>
    </ClInclude>
    <ClInclude Include="EmpView.h">
      <Filter>Header Files</Filter>
    </ClInclude>
    <ClInclude Include="MainFrm.h">
      <Filter>Header Files</Filter>
    </ClInclude>
    <ClInclude Include="Resource.h">
      <Filter>Header Files</Filter>
    </ClInclude>
    <ClInclude Include="StdAfx.h">
      <Filter>Header Files</Filter>
    </ClInclude>
  </ItemGroup>
  <ItemGroup>
    <Image Include="res\DBVList.ico">
      <Filter>Resource Files</Filter>
    </Image>
    <Image Include="res\DBVListDoc.ico">
      <Filter>Resource Files</Filter>
    </Image>
    <Image Include="res\Toolbar.bmp">
      <Filter>Resource Files</Filter>
    </Image>
  </ItemGroup>
  <ItemGroup>
    <ResourceCompile Include="DBVList.rc">
      <Filter>Resource Files</Filter>
    </ResourceCompile>
  </ItemGroup>
  <ItemGroup>
    <None Include="res\DBVList.rc2">
      <Filter>Resource Files</Filter>
    </None>
  </ItemGroup>
</Project>