
Microsoft Visual Studio Solution File, Format Version 12.00
# Visual Studio 14
VisualStudioVersion = 14.0.25420.1
MinimumVisualStudioVersion = 10.0.40219.1
Project("{8BC9CEB8-8B4A-11D0-8D11-00A0C91BC942}") = "CmnCtrl1", "CmnCtrl1\CmnCtrl1.vcxproj", "{736AE1A6-14A7-490D-A8B6-8EB0B6A18955}"
EndProject
Project("{8BC9CEB8-8B4A-11D0-8D11-00A0C91BC942}") = "CmnCtrl2", "CmnCtrl2\CmnCtrl2.vcxproj", "{736AE1A6-14A7-490D-A8B6-8EB0B6A18956}"
EndProject
Project("{8BC9CEB8-8B4A-11D0-8D11-00A0C91BC942}") = "CtrlBars", "ctrlbars\ctrlbars.vcxproj", "{736AE1A6-14A7-490D-A8B6-8EB0B6A18957}"
EndProject
Project("{8BC9CEB8-8B4A-11D0-8D11-00A0C91BC942}") = "CtrlTest", "ctrltest\ctrltest.vcxproj", "{736AE1A6-14A7-490D-A8B6-8EB0B6A18958}"
EndProject
Project("{8BC9CEB8-8B4A-11D0-8D11-00A0C91BC942}") = "DBVList", "DBVList\DBVList.vcxproj", "{884A43F3-E16C-4510-ABD6-C4D689E308B0}"
EndProject
Project("{8BC9CEB8-8B4A-11D0-8D11-00A0C91BC942}") = "DibLook", "diblook\diblook.vcxproj", "{736AE1A6-14A7-490D-A8B6-8EB0B6A1895A}"
EndProject
Project("{8BC9CEB8-8B4A-11D0-8D11-00A0C91BC942}") = "DLGCBAR", "dlgcbr32\Dlgcbr32.vcxproj", "{736AE1A6-14A7-490D-A8B6-8EB0B6A1895B}"
EndProject
Project("{8BC9CEB8-8B4A-11D0-8D11-00A0C91BC942}") = "dlgtemp", "dlgtempl\dlgtemp.vcxproj", "{736AE1A6-14A7-490D-A8B6-8EB0B6A1895C}"
EndProject
Project("{8BC9CEB8-8B4A-11D0-8D11-00A0C91BC942}") = "DockTool", "docktool\docktool.vcxproj", "{736AE1A6-14A7-490D-A8B6-8EB0B6A1895D}"
EndProject
Project("{8BC9CEB8-8B4A-11D0-8D11-00A0C91BC942}") = "DynaMenu", "dynamenu\dynamenu.vcxproj", "{736AE1A6-14A7-490D-A8B6-8EB0B6A1895E}"
EndProject
Project("{8BC9CEB8-8B4A-11D0-8D11-00A0C91BC942}") = "FileDlgWatcher", "FileDlgWatcher\FileDlgWatcher\FileDlgWatcher.vcxproj", "{81ED5679-721D-4DC5-82C1-1A0DF384CC34}"
EndProject
Project("{8BC9CEB8-8B4A-11D0-8D11-00A0C91BC942}") = "Hello", "hello\hello.vcxproj", "{736AE1A6-14A7-490D-A8B6-8EB0B6A1895F}"
EndProject
Project("{8BC9CEB8-8B4A-11D0-8D11-00A0C91BC942}") = "Helloapp", "helloapp\helloapp.vcxproj", "{736AE1A6-14A7-490D-A8B6-8EB0B6A18960}"
EndProject
Project("{8BC9CEB8-8B4A-11D0-8D11-00A0C91BC942}") = "ListHdr", "ListHdr\ListHdr.vcxproj", "{736AE1A6-14A7-490D-A8B6-8EB0B6A18961}"
EndProject
Project("{8BC9CEB8-8B4A-11D0-8D11-00A0C91BC942}") = "MDI", "mdi\mdi.vcxproj", "{736AE1A6-14A7-490D-A8B6-8EB0B6A18962}"
EndProject
Project("{8BC9CEB8-8B4A-11D0-8D11-00A0C91BC942}") = "MDIDocvw", "mdidocvw\mdidocvw.vcxproj", "{736AE1A6-14A7-490D-A8B6-8EB0B6A18963}"
EndProject
Project("{8BC9CEB8-8B4A-11D0-8D11-00A0C91BC942}") = "MMXSwarm", "MMXSwarm\MMXSwarm.vcxproj", "{E4EB31D7-ED5F-48A0-9E2C-E2580B3C32A8}"
EndProject
Project("{8BC9CEB8-8B4A-11D0-8D11-00A0C91BC942}") = "modeless", "modeless\modeless.vcxproj", "{736AE1A6-14A7-490D-A8B6-8EB0B6A18965}"
EndProject
Project("{8BC9CEB8-8B4A-11D0-8D11-00A0C91BC942}") = "MultiPad", "multipad\multipad.vcxproj", "{736AE1A6-14A7-490D-A8B6-8EB0B6A18966}"
EndProject
Project("{8BC9CEB8-8B4A-11D0-8D11-00A0C91BC942}") = "NPP", "npp\npp.vcxproj", "{736AE1A6-14A7-490D-A8B6-8EB0B6A18967}"
EndProject
Project("{8BC9CEB8-8B4A-11D0-8D11-00A0C91BC942}") = "PropDlg", "propdlg\propdlg.vcxproj", "{736AE1A6-14A7-490D-A8B6-8EB0B6A18968}"
EndProject
Project("{8BC9CEB8-8B4A-11D0-8D11-00A0C91BC942}") = "RowList", "rowlist\rowlist.vcxproj", "{736AE1A6-14A7-490D-A8B6-8EB0B6A18969}"
EndProject
Project("{8BC9CEB8-8B4A-11D0-8D11-00A0C91BC942}") = "Scribble", "Scribble\Scribble.vcxproj", "{7885CDC4-D221-488C-9B58-992079831A50}"
EndProject
Project("{8BC9CEB8-8B4A-11D0-8D11-00A0C91BC942}") = "SimpleImage", "SimpleImage\CImage.vcxproj", "{736AE1A6-14A7-490D-A8B6-8EB0B6A1896B}"
EndProject
Project("{8BC9CEB8-8B4A-11D0-8D11-00A0C91BC942}") = "Snap", "snapvw\snapvw.vcxproj", "{736AE1A6-14A7-490D-A8B6-8EB0B6A1896C}"
EndProject
Project("{8BC9CEB8-8B4A-11D0-8D11-00A0C91BC942}") = "spiro", "spiro\spiro.vcxproj", "{C1B56551-14A3-4B0A-ACA3-B9E47FD261BB}"
EndProject
Project("{8BC9CEB8-8B4A-11D0-8D11-00A0C91BC942}") = "Tracker", "tracker\tracker.vcxproj", "{736AE1A6-14A7-490D-A8B6-8EB0B6A1896E}"
EndProject
Project("{8BC9CEB8-8B4A-11D0-8D11-00A0C91BC942}") = "VariantUse", "VariantUse\VariantUse.vcxproj", "{736AE1A6-14A7-490D-A8B6-8EB0B6A1896F}"
EndProject
Project("{8BC9CEB8-8B4A-11D0-8D11-00A0C91BC942}") = "Viewex", "viewex\viewex.vcxproj", "{736AE1A6-14A7-490D-A8B6-8EB0B6A18971}"
EndProject
Global
	GlobalSection(SolutionConfigurationPlatforms) = preSolution
		Debug|x86 = Debug|x86
		Release|x86 = Release|x86
	EndGlobalSection
	GlobalSection(ProjectConfigurationPlatforms) = postSolution
		{736AE1A6-14A7-490D-A8B6-8EB0B6A18955}.Debug|x86.ActiveCfg = Debug|Win32
		{736AE1A6-14A7-490D-A8B6-8EB0B6A18955}.Debug|x86.Build.0 = Debug|Win32
		{736AE1A6-14A7-490D-A8B6-8EB0B6A18955}.Release|x86.ActiveCfg = Release|Win32
		{736AE1A6-14A7-490D-A8B6-8EB0B6A18955}.Release|x86.Build.0 = Release|Win32
		{736AE1A6-14A7-490D-A8B6-8EB0B6A18956}.Debug|x86.ActiveCfg = Debug|Win32
		{736AE1A6-14A7-490D-A8B6-8EB0B6A18956}.Debug|x86.Build.0 = Debug|Win32
		{736AE1A6-14A7-490D-A8B6-8EB0B6A18956}.Release|x86.ActiveCfg = Release|Win32
		{736AE1A6-14A7-490D-A8B6-8EB0B6A18956}.Release|x86.Build.0 = Release|Win32
		{736AE1A6-14A7-490D-A8B6-8EB0B6A18957}.Debug|x86.ActiveCfg = Debug|Win32
		{736AE1A6-14A7-490D-A8B6-8EB0B6A18957}.Debug|x86.Build.0 = Debug|Win32
		{736AE1A6-14A7-490D-A8B6-8EB0B6A18957}.Release|x86.ActiveCfg = Release|Win32
		{736AE1A6-14A7-490D-A8B6-8EB0B6A18957}.Release|x86.Build.0 = Release|Win32
		{736AE1A6-14A7-490D-A8B6-8EB0B6A18958}.Debug|x86.ActiveCfg = Debug|Win32
		{736AE1A6-14A7-490D-A8B6-8EB0B6A18958}.Debug|x86.Build.0 = Debug|Win32
		{736AE1A6-14A7-490D-A8B6-8EB0B6A18958}.Release|x86.ActiveCfg = Release|Win32
		{736AE1A6-14A7-490D-A8B6-8EB0B6A18958}.Release|x86.Build.0 = Release|Win32
		{884A43F3-E16C-4510-ABD6-C4D689E308B0}.Debug|x86.ActiveCfg = Debug|Win32
		{884A43F3-E16C-4510-ABD6-C4D689E308B0}.Debug|x86.Build.0 = Debug|Win32
		{884A43F3-E16C-4510-ABD6-C4D689E308B0}.Release|x86.ActiveCfg = Release|Win32
		{884A43F3-E16C-4510-ABD6-C4D689E308B0}.Release|x86.Build.0 = Release|Win32
		{736AE1A6-14A7-490D-A8B6-8EB0B6A1895A}.Debug|x86.ActiveCfg = Debug|Win32
		{736AE1A6-14A7-490D-A8B6-8EB0B6A1895A}.Debug|x86.Build.0 = Debug|Win32
		{736AE1A6-14A7-490D-A8B6-8EB0B6A1895A}.Release|x86.ActiveCfg = Release|Win32
		{736AE1A6-14A7-490D-A8B6-8EB0B6A1895A}.Release|x86.Build.0 = Release|Win32
		{736AE1A6-14A7-490D-A8B6-8EB0B6A1895B}.Debug|x86.ActiveCfg = Debug|Win32
		{736AE1A6-14A7-490D-A8B6-8EB0B6A1895B}.Debug|x86.Build.0 = Debug|Win32
		{736AE1A6-14A7-490D-A8B6-8EB0B6A1895B}.Release|x86.ActiveCfg = Release|Win32
		{736AE1A6-14A7-490D-A8B6-8EB0B6A1895B}.Release|x86.Build.0 = Release|Win32
		{736AE1A6-14A7-490D-A8B6-8EB0B6A1895C}.Debug|x86.ActiveCfg = Debug|Win32
		{736AE1A6-14A7-490D-A8B6-8EB0B6A1895C}.Debug|x86.Build.0 = Debug|Win32
		{736AE1A6-14A7-490D-A8B6-8EB0B6A1895C}.Release|x86.ActiveCfg = Release|Win32
		{736AE1A6-14A7-490D-A8B6-8EB0B6A1895C}.Release|x86.Build.0 = Release|Win32
		{736AE1A6-14A7-490D-A8B6-8EB0B6A1895D}.Debug|x86.ActiveCfg = Debug|Win32
		{736AE1A6-14A7-490D-A8B6-8EB0B6A1895D}.Debug|x86.Build.0 = Debug|Win32
		{736AE1A6-14A7-490D-A8B6-8EB0B6A1895D}.Release|x86.ActiveCfg = Release|Win32
		{736AE1A6-14A7-490D-A8B6-8EB0B6A1895D}.Release|x86.Build.0 = Release|Win32
		{736AE1A6-14A7-490D-A8B6-8EB0B6A1895E}.Debug|x86.ActiveCfg = Debug|Win32
		{736AE1A6-14A7-490D-A8B6-8EB0B6A1895E}.Debug|x86.Build.0 = Debug|Win32
		{736AE1A6-14A7-490D-A8B6-8EB0B6A1895E}.Release|x86.ActiveCfg = Release|Win32
		{736AE1A6-14A7-490D-A8B6-8EB0B6A1895E}.Release|x86.Build.0 = Release|Win32
		{81ED5679-721D-4DC5-82C1-1A0DF384CC34}.Debug|x86.ActiveCfg = Debug|Win32
		{81ED5679-721D-4DC5-82C1-1A0DF384CC34}.Debug|x86.Build.0 = Debug|Win32
		{81ED5679-721D-4DC5-82C1-1A0DF384CC34}.Release|x86.ActiveCfg = Release|Win32
		{81ED5679-721D-4DC5-82C1-1A0DF384CC34}.Release|x86.Build.0 = Release|Win32
		{736AE1A6-14A7-490D-A8B6-8EB0B6A1895F}.Debug|x86.ActiveCfg = Debug|Win32
		{736AE1A6-14A7-490D-A8B6-8EB0B6A1895F}.Debug|x86.Build.0 = Debug|Win32
		{736AE1A6-14A7-490D-A8B6-8EB0B6A1895F}.Release|x86.ActiveCfg = Release|Win32
		{736AE1A6-14A7-490D-A8B6-8EB0B6A1895F}.Release|x86.Build.0 = Release|Win32
		{736AE1A6-14A7-490D-A8B6-8EB0B6A18960}.Debug|x86.ActiveCfg = Debug|Win32
		{736AE1A6-14A7-490D-A8B6-8EB0B6A18960}.Debug|x86.Build.0 = Debug|Win32
		{736AE1A6-14A7-490D-A8B6-8EB0B6A18960}.Release|x86.ActiveCfg = Release|Win32
		{736AE1A6-14A7-490D-A8B6-8EB0B6A18960}.Release|x86.Build.0 = Release|Win32
		{736AE1A6-14A7-490D-A8B6-8EB0B6A18961}.Debug|x86.ActiveCfg = Debug|Win32
		{736AE1A6-14A7-490D-A8B6-8EB0B6A18961}.Debug|x86.Build.0 = Debug|Win32
		{736AE1A6-14A7-490D-A8B6-8EB0B6A18961}.Release|x86.ActiveCfg = Release|Win32
		{736AE1A6-14A7-490D-A8B6-8EB0B6A18961}.Release|x86.Build.0 = Release|Win32
		{736AE1A6-14A7-490D-A8B6-8EB0B6A18962}.Debug|x86.ActiveCfg = Debug|Win32
		{736AE1A6-14A7-490D-A8B6-8EB0B6A18962}.Debug|x86.Build.0 = Debug|Win32
		{736AE1A6-14A7-490D-A8B6-8EB0B6A18962}.Release|x86.ActiveCfg = Release|Win32
		{736AE1A6-14A7-490D-A8B6-8EB0B6A18962}.Release|x86.Build.0 = Release|Win32
		{736AE1A6-14A7-490D-A8B6-8EB0B6A18963}.Debug|x86.ActiveCfg = Debug|Win32
		{736AE1A6-14A7-490D-A8B6-8EB0B6A18963}.Debug|x86.Build.0 = Debug|Win32
		{736AE1A6-14A7-490D-A8B6-8EB0B6A18963}.Release|x86.ActiveCfg = Release|Win32
		{736AE1A6-14A7-490D-A8B6-8EB0B6A18963}.Release|x86.Build.0 = Release|Win32
		{E4EB31D7-ED5F-48A0-9E2C-E2580B3C32A8}.Debug|x86.ActiveCfg = Debug|Win32
		{E4EB31D7-ED5F-48A0-9E2C-E2580B3C32A8}.Debug|x86.Build.0 = Debug|Win32
		{E4EB31D7-ED5F-48A0-9E2C-E2580B3C32A8}.Release|x86.ActiveCfg = Release|Win32
		{E4EB31D7-ED5F-48A0-9E2C-E2580B3C32A8}.Release|x86.Build.0 = Release|Win32
		{736AE1A6-14A7-490D-A8B6-8EB0B6A18965}.Debug|x86.ActiveCfg = Debug|Win32
		{736AE1A6-14A7-490D-A8B6-8EB0B6A18965}.Debug|x86.Build.0 = Debug|Win32
		{736AE1A6-14A7-490D-A8B6-8EB0B6A18965}.Release|x86.ActiveCfg = Release|Win32
		{736AE1A6-14A7-490D-A8B6-8EB0B6A18965}.Release|x86.Build.0 = Release|Win32
		{736AE1A6-14A7-490D-A8B6-8EB0B6A18966}.Debug|x86.ActiveCfg = Debug|Win32
		{736AE1A6-14A7-490D-A8B6-8EB0B6A18966}.Debug|x86.Build.0 = Debug|Win32
		{736AE1A6-14A7-490D-A8B6-8EB0B6A18966}.Release|x86.ActiveCfg = Release|Win32
		{736AE1A6-14A7-490D-A8B6-8EB0B6A18966}.Release|x86.Build.0 = Release|Win32
		{736AE1A6-14A7-490D-A8B6-8EB0B6A18967}.Debug|x86.ActiveCfg = Debug|Win32
		{736AE1A6-14A7-490D-A8B6-8EB0B6A18967}.Debug|x86.Build.0 = Debug|Win32
		{736AE1A6-14A7-490D-A8B6-8EB0B6A18967}.Release|x86.ActiveCfg = Release|Win32
		{736AE1A6-14A7-490D-A8B6-8EB0B6A18967}.Release|x86.Build.0 = Release|Win32
		{736AE1A6-14A7-490D-A8B6-8EB0B6A18968}.Debug|x86.ActiveCfg = Debug|Win32
		{736AE1A6-14A7-490D-A8B6-8EB0B6A18968}.Debug|x86.Build.0 = Debug|Win32
		{736AE1A6-14A7-490D-A8B6-8EB0B6A18968}.Release|x86.ActiveCfg = Release|Win32
		{736AE1A6-14A7-490D-A8B6-8EB0B6A18968}.Release|x86.Build.0 = Release|Win32
		{736AE1A6-14A7-490D-A8B6-8EB0B6A18969}.Debug|x86.ActiveCfg = Debug|Win32
		{736AE1A6-14A7-490D-A8B6-8EB0B6A18969}.Debug|x86.Build.0 = Debug|Win32
		{736AE1A6-14A7-490D-A8B6-8EB0B6A18969}.Release|x86.ActiveCfg = Release|Win32
		{736AE1A6-14A7-490D-A8B6-8EB0B6A18969}.Release|x86.Build.0 = Release|Win32
		{7885CDC4-D221-488C-9B58-992079831A50}.Debug|x86.ActiveCfg = Debug|Win32
		{7885CDC4-D221-488C-9B58-992079831A50}.Debug|x86.Build.0 = Debug|Win32
		{7885CDC4-D221-488C-9B58-992079831A50}.Release|x86.ActiveCfg = Release|Win32
		{7885CDC4-D221-488C-9B58-992079831A50}.Release|x86.Build.0 = Release|Win32
		{736AE1A6-14A7-490D-A8B6-8EB0B6A1896B}.Debug|x86.ActiveCfg = Debug|Win32
		{736AE1A6-14A7-490D-A8B6-8EB0B6A1896B}.Debug|x86.Build.0 = Debug|Win32
		{736AE1A6-14A7-490D-A8B6-8EB0B6A1896B}.Release|x86.ActiveCfg = Release|Win32
		{736AE1A6-14A7-490D-A8B6-8EB0B6A1896B}.Release|x86.Build.0 = Release|Win32
		{736AE1A6-14A7-490D-A8B6-8EB0B6A1896C}.Debug|x86.ActiveCfg = Debug|Win32
		{736AE1A6-14A7-490D-A8B6-8EB0B6A1896C}.Debug|x86.Build.0 = Debug|Win32
		{736AE1A6-14A7-490D-A8B6-8EB0B6A1896C}.Release|x86.ActiveCfg = Release|Win32
		{736AE1A6-14A7-490D-A8B6-8EB0B6A1896C}.Release|x86.Build.0 = Release|Win32
		{C1B56551-14A3-4B0A-ACA3-B9E47FD261BB}.Debug|x86.ActiveCfg = Debug|Win32
		{C1B56551-14A3-4B0A-ACA3-B9E47FD261BB}.Debug|x86.Build.0 = Debug|Win32
		{C1B56551-14A3-4B0A-ACA3-B9E47FD261BB}.Release|x86.ActiveCfg = Release|Win32
		{C1B56551-14A3-4B0A-ACA3-B9E47FD261BB}.Release|x86.Build.0 = Release|Win32
		{736AE1A6-14A7-490D-A8B6-8EB0B6A1896E}.Debug|x86.ActiveCfg = Debug|Win32
		{736AE1A6-14A7-490D-A8B6-8EB0B6A1896E}.Debug|x86.Build.0 = Debug|Win32
		{736AE1A6-14A7-490D-A8B6-8EB0B6A1896E}.Release|x86.ActiveCfg = Release|Win32
		{736AE1A6-14A7-490D-A8B6-8EB0B6A1896E}.Release|x86.Build.0 = Release|Win32
		{736AE1A6-14A7-490D-A8B6-8EB0B6A1896F}.Debug|x86.ActiveCfg = Debug|Win32
		{736AE1A6-14A7-490D-A8B6-8EB0B6A1896F}.Debug|x86.Build.0 = Debug|Win32
		{736AE1A6-14A7-490D-A8B6-8EB0B6A1896F}.Release|x86.ActiveCfg = Release|Win32
		{736AE1A6-14A7-490D-A8B6-8EB0B6A1896F}.Release|x86.Build.0 = Release|Win32
		{736AE1A6-14A7-490D-A8B6-8EB0B6A18971}.Debug|x86.ActiveCfg = Debug|Win32
		{736AE1A6-14A7-490D-A8B6-8EB0B6A18971}.Debug|x86.Build.0 = Debug|Win32
		{736AE1A6-14A7-490D-A8B6-8EB0B6A18971}.Release|x86.ActiveCfg = Release|Win32
		{736AE1A6-14A7-490D-A8B6-8EB0B6A18971}.Release|x86.Build.0 = Release|Win32
	EndGlobalSection
	GlobalSection(SolutionProperties) = preSolution
		HideSolutionNode = FALSE
	EndGlobalSection
EndGlobal
