<?xml version="1.0" encoding="utf-8"?>
<Project ToolsVersion="4.0" xmlns="http://schemas.microsoft.com/developer/msbuild/2003">
  <ItemGroup>
    <Filter Include="Source Files">
      <UniqueIdentifier>{61a5f99c-72ef-405a-b3af-84dd69430d2f}</UniqueIdentifier>
      <Extensions>cpp;c;cxx;def;r;odl;idl;hpj;bat</Extensions>
    </Filter>
    <Filter Include="Header Files">
      <UniqueIdentifier>{eb13ef48-76ed-41ef-bac6-fba5c0dd966a}</UniqueIdentifier>
      <Extensions>h;hpp;hxx;hm;inl</Extensions>
    </Filter>
    <Filter Include="Resource Files">
      <UniqueIdentifier>{2ce28011-65f3-4f56-a217-c35cd240bc25}</UniqueIdentifier>
      <Extensions>rc;ico;cur;bmp;dlg;rc2;rct;bin;cnt;rtf;gif;jpg;jpeg;jpe</Extensions>
    </Filter>
  </ItemGroup>
  <ItemGroup>
    <ClCompile Include="CmnCtrl2.cpp">
      <Filter>Source Files</Filter>
    </ClCompile>
    <ClCompile Include="notifwdw.cpp">
      <Filter>Source Files</Filter>
    </ClCompile>
    <ClCompile Include="progctrl.cpp">
      <Filter>Source Files</Filter>
    </ClCompile>
    <ClCompile Include="propsht.cpp">
      <Filter>Source Files</Filter>
    </ClCompile>
    <ClCompile Include="slidctrl.cpp">
      <Filter>Source Files</Filter>
    </ClCompile>
    <ClCompile Include="spinctrl.cpp">
      <Filter>Source Files</Filter>
    </ClCompile>
    <ClCompile Include="StdAfx.cpp">
      <Filter>Source Files</Filter>
    </ClCompile>
  </ItemGroup>
  <ItemGroup>
    <ClInclude Include="CmnCtrl2.h">
      <Filter>Header Files</Filter>
    </ClInclude>
    <ClInclude Include="notifwdw.h">
      <Filter>Header Files</Filter>
    </ClInclude>
    <ClInclude Include="progctrl.h">
      <Filter>Header Files</Filter>
    </ClInclude>
    <ClInclude Include="propsht.h">
      <Filter>Header Files</Filter>
    </ClInclude>
    <ClInclude Include="Resource.h">
      <Filter>Header Files</Filter>
    </ClInclude>
    <ClInclude Include="slidctrl.h">
      <Filter>Header Files</Filter>
    </ClInclude>
    <ClInclude Include="spinctrl.h">
      <Filter>Header Files</Filter>
    </ClInclude>
    <ClInclude Include="StdAfx.h">
      <Filter>Header Files</Filter>
    </ClInclude>
  </ItemGroup>
  <ItemGroup>
    <Image Include="res\CmnCtrl2.ico">
      <Filter>Resource Files</Filter>
    </Image>
  </ItemGroup>
  <ItemGroup>
    <ResourceCompile Include="CmnCtrl2.rc">
      <Filter>Resource Files</Filter>
    </ResourceCompile>
  </ItemGroup>
  <ItemGroup>
    <None Include="res\CmnCtrl2.rc2">
      <Filter>Resource Files</Filter>
    </None>
    <None Include="ReadMe.htm" />
  </ItemGroup>
</Project>