<?xml version="1.0" encoding="utf-8"?>
<Project ToolsVersion="4.0" xmlns="http://schemas.microsoft.com/developer/msbuild/2003">
  <ItemGroup>
    <Filter Include="Source Files">
      <UniqueIdentifier>{ddf0fdba-a8be-4ce2-912e-154c37e5f23c}</UniqueIdentifier>
      <Extensions>cpp;c;cxx;def;r;odl;hpj;bat;for;f90</Extensions>
    </Filter>
    <Filter Include="Header Files">
      <UniqueIdentifier>{0aa00a0c-e501-480c-a9dd-d35f20e29b28}</UniqueIdentifier>
      <Extensions>h;hpp;hxx;inl;fi;fd</Extensions>
    </Filter>
    <Filter Include="Resource Files">
      <UniqueIdentifier>{da1335ae-30f0-4676-8b1d-db14c38ad5e6}</UniqueIdentifier>
      <Extensions>rc;ico;cur;bmp;dlg;rc2;rct;cnt;rtf;gif;jpg;jpeg;jpe</Extensions>
    </Filter>
  </ItemGroup>
  <ItemGroup>
    <ClCompile Include="dlgtemp.cpp">
      <Filter>Source Files</Filter>
    </ClCompile>
    <ClCompile Include="itemtemp.cpp">
      <Filter>Source Files</Filter>
    </ClCompile>
    <ClCompile Include="setupdlg.cpp">
      <Filter>Source Files</Filter>
    </ClCompile>
    <ClCompile Include="StdAfx.cpp">
      <Filter>Source Files</Filter>
    </ClCompile>
  </ItemGroup>
  <ItemGroup>
    <Image Include="res\dlgtemp.ico">
      <Filter>Resource Files</Filter>
    </Image>
  </ItemGroup>
  <ItemGroup>
    <ResourceCompile Include="dlgtemp.rc">
      <Filter>Resource Files</Filter>
    </ResourceCompile>
  </ItemGroup>
  <ItemGroup>
    <None Include="res\dlgtemp.rc2">
      <Filter>Resource Files</Filter>
    </None>
    <None Include="ReadMe.htm" />
  </ItemGroup>
  <ItemGroup>
    <CustomBuild Include="dlgtemp.h">
      <Filter>Header Files</Filter>
    </CustomBuild>
    <CustomBuild Include="itemtemp.h">
      <Filter>Header Files</Filter>
    </CustomBuild>
    <CustomBuild Include="setupdlg.h">
      <Filter>Header Files</Filter>
    </CustomBuild>
    <CustomBuild Include="StdAfx.h">
      <Filter>Header Files</Filter>
    </CustomBuild>
  </ItemGroup>
</Project>