<?xml version="1.0" encoding="utf-8"?>
<Project ToolsVersion="4.0" xmlns="http://schemas.microsoft.com/developer/msbuild/2003">
  <ItemGroup>
    <Filter Include="Source Files">
      <UniqueIdentifier>{21789731-0fdd-4a7b-8798-c69e0c7df39f}</UniqueIdentifier>
      <Extensions>cpp;c;cxx;def;r;odl;idl;hpj;bat</Extensions>
    </Filter>
    <Filter Include="Header Files">
      <UniqueIdentifier>{7dcf5065-faf1-48ef-b0a2-00361845756c}</UniqueIdentifier>
      <Extensions>h;hpp;hxx;hm;inl</Extensions>
    </Filter>
    <Filter Include="Resource Files">
      <UniqueIdentifier>{b25ef89e-433c-4a38-9595-3955d257e468}</UniqueIdentifier>
      <Extensions>rc;ico;cur;bmp;dlg;rc2;rct;bin;cnt;rtf;gif;jpg;jpeg;jpe</Extensions>
    </Filter>
  </ItemGroup>
  <ItemGroup>
    <ClCompile Include="animctrl.cpp">
      <Filter>Source Files</Filter>
    </ClCompile>
    <ClCompile Include="CmnCtrl1.cpp">
      <Filter>Source Files</Filter>
    </ClCompile>
    <ClCompile Include="DateTime.cpp">
      <Filter>Source Files</Filter>
    </ClCompile>
    <ClCompile Include="MonthCal.cpp">
      <Filter>Source Files</Filter>
    </ClCompile>
    <ClCompile Include="mtreectl.cpp">
      <Filter>Source Files</Filter>
    </ClCompile>
    <ClCompile Include="notifwdw.cpp">
      <Filter>Source Files</Filter>
    </ClCompile>
    <ClCompile Include="propsht.cpp">
      <Filter>Source Files</Filter>
    </ClCompile>
    <ClCompile Include="StdAfx.cpp">
      <Filter>Source Files</Filter>
    </ClCompile>
    <ClCompile Include="toolbar1.cpp">
      <Filter>Source Files</Filter>
    </ClCompile>
    <ClCompile Include="toolbar2.cpp">
      <Filter>Source Files</Filter>
    </ClCompile>
    <ClCompile Include="toolpage.cpp">
      <Filter>Source Files</Filter>
    </ClCompile>
    <ClCompile Include="treecpg.cpp">
      <Filter>Source Files</Filter>
    </ClCompile>
  </ItemGroup>
  <ItemGroup>
    <ClInclude Include="animctrl.h">
      <Filter>Header Files</Filter>
    </ClInclude>
    <ClInclude Include="CmnCtrl1.h">
      <Filter>Header Files</Filter>
    </ClInclude>
    <ClInclude Include="DateTime.h">
      <Filter>Header Files</Filter>
    </ClInclude>
    <ClInclude Include="MonthCal.h">
      <Filter>Header Files</Filter>
    </ClInclude>
    <ClInclude Include="mtreectl.h">
      <Filter>Header Files</Filter>
    </ClInclude>
    <ClInclude Include="notifwdw.h">
      <Filter>Header Files</Filter>
    </ClInclude>
    <ClInclude Include="propsht.h">
      <Filter>Header Files</Filter>
    </ClInclude>
    <ClInclude Include="Resource.h">
      <Filter>Header Files</Filter>
    </ClInclude>
    <ClInclude Include="StdAfx.h">
      <Filter>Header Files</Filter>
    </ClInclude>
    <ClInclude Include="toolbar1.h">
      <Filter>Header Files</Filter>
    </ClInclude>
    <ClInclude Include="toolbar2.h">
      <Filter>Header Files</Filter>
    </ClInclude>
    <ClInclude Include="toolpage.h">
      <Filter>Header Files</Filter>
    </ClInclude>
    <ClInclude Include="treecpg.h">
      <Filter>Header Files</Filter>
    </ClInclude>
  </ItemGroup>
  <ItemGroup>
    <Image Include="res\bmp00001.bmp">
      <Filter>Resource Files</Filter>
    </Image>
    <Image Include="res\bmp00002.bmp">
      <Filter>Resource Files</Filter>
    </Image>
    <Image Include="res\bmp00003.bmp">
      <Filter>Resource Files</Filter>
    </Image>
    <Image Include="res\bmtreebi.bmp">
      <Filter>Resource Files</Filter>
    </Image>
    <Image Include="res\bmtreedo.bmp">
      <Filter>Resource Files</Filter>
    </Image>
    <Image Include="res\bmtreefi.bmp">
      <Filter>Resource Files</Filter>
    </Image>
    <Image Include="res\CmnCtrl1.ico">
      <Filter>Resource Files</Filter>
    </Image>
    <Image Include="res\cpalette.bmp">
      <Filter>Resource Files</Filter>
    </Image>
    <Image Include="res\standard.bmp">
      <Filter>Resource Files</Filter>
    </Image>
  </ItemGroup>
  <ItemGroup>
    <ResourceCompile Include="CmnCtrl1.rc">
      <Filter>Resource Files</Filter>
    </ResourceCompile>
  </ItemGroup>
  <ItemGroup>
    <None Include="res\CmnCtrl1.rc2">
      <Filter>Resource Files</Filter>
    </None>
    <None Include="ReadMe.htm" />
  </ItemGroup>
</Project>