<?xml version="1.0" encoding="utf-8"?>
<Project ToolsVersion="4.0" xmlns="http://schemas.microsoft.com/developer/msbuild/2003">
  <ItemGroup>
    <Filter Include="Source Files">
      <UniqueIdentifier>{34334d41-477e-4084-a941-f21fb9c3303e}</UniqueIdentifier>
      <Extensions>cpp;c;cxx;def;r;odl;hpj;bat;for;f90</Extensions>
    </Filter>
    <Filter Include="Header Files">
      <UniqueIdentifier>{7c82d362-9235-4936-b99d-f23b117e89fc}</UniqueIdentifier>
      <Extensions>h;hpp;hxx;inl;fi;fd</Extensions>
    </Filter>
    <Filter Include="Resource Files">
      <UniqueIdentifier>{c3505bcc-280e-420b-b9c0-a410750da13f}</UniqueIdentifier>
      <Extensions>rc;ico;cur;bmp;dlg;rc2;rct;cnt;rtf;gif;jpg;jpeg;jpe</Extensions>
    </Filter>
  </ItemGroup>
  <ItemGroup>
    <ClCompile Include="BkfstPg.cpp">
      <Filter>Source Files</Filter>
    </ClCompile>
    <ClCompile Include="ChildFrm.cpp">
      <Filter>Source Files</Filter>
    </ClCompile>
    <ClCompile Include="DinnerPg.cpp">
      <Filter>Source Files</Filter>
    </ClCompile>
    <ClCompile Include="LunchPg.cpp">
      <Filter>Source Files</Filter>
    </ClCompile>
    <ClCompile Include="MainFrm.cpp">
      <Filter>Source Files</Filter>
    </ClCompile>
    <ClCompile Include="SnapDoc.cpp">
      <Filter>Source Files</Filter>
    </ClCompile>
    <ClCompile Include="SnapPs.cpp">
      <Filter>Source Files</Filter>
    </ClCompile>
    <ClCompile Include="SnapView.cpp">
      <Filter>Source Files</Filter>
    </ClCompile>
    <ClCompile Include="snapvw.cpp">
      <Filter>Source Files</Filter>
    </ClCompile>
    <ClCompile Include="StdAfx.cpp">
      <Filter>Source Files</Filter>
    </ClCompile>
  </ItemGroup>
  <ItemGroup>
    <ClInclude Include="BkfstPg.h">
      <Filter>Header Files</Filter>
    </ClInclude>
    <ClInclude Include="childfrm.h">
      <Filter>Header Files</Filter>
    </ClInclude>
    <ClInclude Include="DinnerPg.h">
      <Filter>Header Files</Filter>
    </ClInclude>
    <ClInclude Include="LunchPg.h">
      <Filter>Header Files</Filter>
    </ClInclude>
    <ClInclude Include="mainfrm.h">
      <Filter>Header Files</Filter>
    </ClInclude>
    <ClInclude Include="snapdoc.h">
      <Filter>Header Files</Filter>
    </ClInclude>
    <ClInclude Include="SnapPs.h">
      <Filter>Header Files</Filter>
    </ClInclude>
    <ClInclude Include="snapview.h">
      <Filter>Header Files</Filter>
    </ClInclude>
    <ClInclude Include="snapvw.h">
      <Filter>Header Files</Filter>
    </ClInclude>
    <ClInclude Include="StdAfx.h">
      <Filter>Header Files</Filter>
    </ClInclude>
  </ItemGroup>
  <ItemGroup>
    <Image Include="RES\SNAP.ICO">
      <Filter>Resource Files</Filter>
    </Image>
    <Image Include="RES\SNAPDOC.ICO">
      <Filter>Resource Files</Filter>
    </Image>
    <Image Include="RES\Toolbar.bmp">
      <Filter>Resource Files</Filter>
    </Image>
  </ItemGroup>
  <ItemGroup>
    <None Include="RES\SNAP.RC2">
      <Filter>Resource Files</Filter>
    </None>
    <None Include="ReadMe.htm" />
  </ItemGroup>
  <ItemGroup>
    <ResourceCompile Include="snapvw.rc">
      <Filter>Resource Files</Filter>
    </ResourceCompile>
  </ItemGroup>
</Project>