<?xml version="1.0" encoding="utf-8"?>
<Project ToolsVersion="4.0" xmlns="http://schemas.microsoft.com/developer/msbuild/2003">
  <ItemGroup>
    <Filter Include="Source Files">
      <UniqueIdentifier>{d703cfef-147a-4201-83ca-a4b2fe985d3f}</UniqueIdentifier>
      <Extensions>cpp;c;cxx;def;r;odl;hpj;bat;for;f90</Extensions>
    </Filter>
    <Filter Include="Header Files">
      <UniqueIdentifier>{90d987b9-c457-4cd0-a1f1-bba1b4314389}</UniqueIdentifier>
      <Extensions>h;hpp;hxx;inl;fi;fd</Extensions>
    </Filter>
    <Filter Include="Resource Files">
      <UniqueIdentifier>{f688b53e-a062-4c22-86c5-d13227242ad8}</UniqueIdentifier>
      <Extensions>rc;ico;cur;bmp;dlg;rc2;rct;cnt;rtf;gif;jpg;jpeg;jpe</Extensions>
    </Filter>
  </ItemGroup>
  <ItemGroup>
    <ClCompile Include="ABOUTDLG.CPP">
      <Filter>Source Files</Filter>
    </ClCompile>
    <ClCompile Include="Dlgbars.cpp">
      <Filter>Source Files</Filter>
    </ClCompile>
    <ClCompile Include="DLGCBAR.CPP">
      <Filter>Source Files</Filter>
    </ClCompile>
    <ClCompile Include="MDLSMAIN.CPP">
      <Filter>Source Files</Filter>
    </ClCompile>
    <ClCompile Include="MODELESS.CPP">
      <Filter>Source Files</Filter>
    </ClCompile>
    <ClCompile Include="RATEDLG.CPP">
      <Filter>Source Files</Filter>
    </ClCompile>
    <ClCompile Include="STDAFX.CPP">
      <Filter>Source Files</Filter>
    </ClCompile>
    <ClCompile Include="WNDLIST.CPP">
      <Filter>Source Files</Filter>
    </ClCompile>
  </ItemGroup>
  <ItemGroup>
    <ClInclude Include="Aboutdlg.h">
      <Filter>Header Files</Filter>
    </ClInclude>
    <ClInclude Include="Dlgbars.h">
      <Filter>Header Files</Filter>
    </ClInclude>
    <ClInclude Include="Dlgcbar.h">
      <Filter>Header Files</Filter>
    </ClInclude>
    <ClInclude Include="Mdlsmain.h">
      <Filter>Header Files</Filter>
    </ClInclude>
    <ClInclude Include="Modeless.h">
      <Filter>Header Files</Filter>
    </ClInclude>
    <ClInclude Include="Ratedlg.h">
      <Filter>Header Files</Filter>
    </ClInclude>
    <ClInclude Include="stdafx.h">
      <Filter>Header Files</Filter>
    </ClInclude>
    <ClInclude Include="Wndlist.h">
      <Filter>Header Files</Filter>
    </ClInclude>
  </ItemGroup>
  <ItemGroup>
    <Image Include="RES\DLGCBAR.ICO">
      <Filter>Resource Files</Filter>
    </Image>
    <Image Include="res\Toolbar.bmp">
      <Filter>Resource Files</Filter>
    </Image>
  </ItemGroup>
  <ItemGroup>
    <ResourceCompile Include="DLGCBAR.RC">
      <Filter>Resource Files</Filter>
    </ResourceCompile>
  </ItemGroup>
  <ItemGroup>
    <None Include="ReadMe.htm" />
  </ItemGroup>
</Project>